<?xml version="1.0" encoding="utf-8"?>
<Project ToolsVersion="4.0" xmlns="http://schemas.microsoft.com/developer/msbuild/2003">
  <ItemGroup>
    <Filter Include="소스 파일">
      <UniqueIdentifier>{4FC737F1-C7A5-4376-A066-2A32D752A2FF}</UniqueIdentifier>
      <Extensions>cpp;c;cc;cxx;def;odl;idl;hpj;bat;asm;asmx</Extensions>
    </Filter>
    <Filter Include="헤더 파일">
      <UniqueIdentifier>{93995380-89BD-4b04-88EB-625FBE52EBFB}</UniqueIdentifier>
      <Extensions>h;hpp;hxx;hm;inl;inc;xsd</Extensions>
    </Filter>
  </ItemGroup>
  <ItemGroup>
    <ClCompile Include="CommonPCH.cpp">
      <Filter>소스 파일</Filter>
    </ClCompile>
    <ClCompile Include="AEThread.cpp">
      <Filter>소스 파일</Filter>
    </ClCompile>
    <ClCompile Include="WinService.cpp">
      <Filter>소스 파일</Filter>
    </ClCompile>
  </ItemGroup>
  <ItemGroup>
    <ClInclude Include="AEMacro.h">
      <Filter>헤더 파일</Filter>
    </ClInclude>
    <ClInclude Include="AEServerDefine.h">
      <Filter>헤더 파일</Filter>
    </ClInclude>
    <ClInclude Include="AEStrCon.h">
      <Filter>헤더 파일</Filter>
    </ClInclude>
    <ClInclude Include="AEString.h">
      <Filter>헤더 파일</Filter>
    </ClInclude>
    <ClInclude Include="AEType.h">
      <Filter>헤더 파일</Filter>
    </ClInclude>
    <ClInclude Include="AEUtil.h">
      <Filter>헤더 파일</Filter>
    </ClInclude>
    <ClInclude Include="EnumBinder.h">
      <Filter>헤더 파일</Filter>
    </ClInclude>
    <ClInclude Include="TAllocator.h">
      <Filter>헤더 파일</Filter>
    </ClInclude>
    <ClInclude Include="TAutoPtr.h">
      <Filter>헤더 파일</Filter>
    </ClInclude>
    <ClInclude Include="TCS.h">
      <Filter>헤더 파일</Filter>
    </ClInclude>
    <ClInclude Include="TSingleton.h">
      <Filter>헤더 파일</Filter>
    </ClInclude>
    <ClInclude Include="base.h">
      <Filter>헤더 파일</Filter>
    </ClInclude>
    <ClInclude Include="vformat.h">
      <Filter>헤더 파일</Filter>
    </ClInclude>
    <ClInclude Include="tinyxml.h">
      <Filter>헤더 파일</Filter>
    </ClInclude>
    <ClInclude Include="include_Common.h">
      <Filter>헤더 파일</Filter>
    </ClInclude>
    <ClInclude Include="CommonPCH.h">
      <Filter>헤더 파일</Filter>
    </ClInclude>
    <ClInclude Include="AEMathType.h">
      <Filter>헤더 파일</Filter>
    </ClInclude>
    <ClInclude Include="PacketContainerInterface.h">
      <Filter>헤더 파일</Filter>
    </ClInclude>
    <ClInclude Include="RandomGenerator.h">
      <Filter>헤더 파일</Filter>
    </ClInclude>
    <ClInclude Include="StringIndex.h">
      <Filter>헤더 파일</Filter>
    </ClInclude>
    <ClInclude Include="AEDefine.h">
      <Filter>헤더 파일</Filter>
    </ClInclude>
    <ClInclude Include="AEThread.h">
      <Filter>헤더 파일</Filter>
    </ClInclude>
    <ClInclude Include="WinService.h">
      <Filter>헤더 파일</Filter>
    </ClInclude>
  </ItemGroup>
  <ItemGroup>
    <None Include="ReadMe.txt" />
  </ItemGroup>
</Project>