<?xml version="1.0" encoding="utf-8"?>
<Project ToolsVersion="4.0" xmlns="http://schemas.microsoft.com/developer/msbuild/2003">
  <ItemGroup>
    <Filter Include="소스 파일">
      <UniqueIdentifier>{4FC737F1-C7A5-4376-A066-2A32D752A2FF}</UniqueIdentifier>
      <Extensions>cpp;c;cc;cxx;def;odl;idl;hpj;bat;asm;asmx</Extensions>
    </Filter>
    <Filter Include="헤더 파일">
      <UniqueIdentifier>{93995380-89BD-4b04-88EB-625FBE52EBFB}</UniqueIdentifier>
      <Extensions>h;hpp;hxx;hm;inl;inc;xsd</Extensions>
    </Filter>
  </ItemGroup>
  <ItemGroup>
    <ClCompile Include="Define_HT.cpp">
      <Filter>소스 파일</Filter>
    </ClCompile>
    <ClCompile Include="TFile.cpp">
      <Filter>소스 파일</Filter>
    </ClCompile>
    <ClCompile Include="TLog.cpp">
      <Filter>소스 파일</Filter>
    </ClCompile>
    <ClCompile Include="TMemoryPool.cpp">
      <Filter>소스 파일</Filter>
    </ClCompile>
    <ClCompile Include="CorePCH.cpp">
      <Filter>소스 파일</Filter>
    </ClCompile>
    <ClCompile Include="ThreadPoolSet.cpp">
      <Filter>소스 파일</Filter>
    </ClCompile>
    <ClCompile Include="ThreadEx.cpp">
      <Filter>소스 파일</Filter>
    </ClCompile>
  </ItemGroup>
  <ItemGroup>
    <ClInclude Include="Define_HT.h">
      <Filter>헤더 파일</Filter>
    </ClInclude>
    <ClInclude Include="DelegateFactory.h">
      <Filter>헤더 파일</Filter>
    </ClInclude>
    <ClInclude Include="FastDelegate.h">
      <Filter>헤더 파일</Filter>
    </ClInclude>
    <ClInclude Include="include_Core.h">
      <Filter>헤더 파일</Filter>
    </ClInclude>
    <ClInclude Include="TFile.h">
      <Filter>헤더 파일</Filter>
    </ClInclude>
    <ClInclude Include="TLog.h">
      <Filter>헤더 파일</Filter>
    </ClInclude>
    <ClInclude Include="TMap.h">
      <Filter>헤더 파일</Filter>
    </ClInclude>
    <ClInclude Include="ActorPacketArgument.h">
      <Filter>헤더 파일</Filter>
    </ClInclude>
    <ClInclude Include="CorePCH.h">
      <Filter>헤더 파일</Filter>
    </ClInclude>
    <ClInclude Include="LockFreeQueue.h">
      <Filter>헤더 파일</Filter>
    </ClInclude>
    <ClInclude Include="TMemoryPool.h">
      <Filter>헤더 파일</Filter>
    </ClInclude>
    <ClInclude Include="TContainer.h">
      <Filter>헤더 파일</Filter>
    </ClInclude>
    <ClInclude Include="ThreadPoolSet.h">
      <Filter>헤더 파일</Filter>
    </ClInclude>
    <ClInclude Include="ThreadEx.h">
      <Filter>헤더 파일</Filter>
    </ClInclude>
    <ClInclude Include="TCallBackAdapter.h">
      <Filter>헤더 파일</Filter>
    </ClInclude>
  </ItemGroup>
  <ItemGroup>
    <None Include="ReadMe.txt" />
    <None Include="LockFreeQueue.inl">
      <Filter>헤더 파일</Filter>
    </None>
  </ItemGroup>
</Project>