
Microsoft Visual Studio Solution File, Format Version 11.00
# Visual Studio 2010
Project("{8BC9CEB8-8B4A-11D0-8D11-00A0C91BC942}") = "lib_Common", "lib_Common\lib_Common.vcxproj", "{31E85820-E657-493B-8FB1-3CBC3BAC1D81}"
EndProject
Project("{8BC9CEB8-8B4A-11D0-8D11-00A0C91BC942}") = "lib_Core", "lib_Core\lib_Core.vcxproj", "{662C362F-EED6-457A-9A75-CCFF1CF55D76}"
EndProject
Project("{8BC9CEB8-8B4A-11D0-8D11-00A0C91BC942}") = "lib_Network", "lib_Network\lib_Network.vcxproj", "{81B5A7CA-B50E-4715-B04A-F696D2C5B0F7}"
EndProject
Project("{8BC9CEB8-8B4A-11D0-8D11-00A0C91BC942}") = "lib_Packet", "lib_Packet\lib_Packet.vcxproj", "{963B67FC-D4A1-4E01-868F-0033B139CE76}"
EndProject
Project("{8BC9CEB8-8B4A-11D0-8D11-00A0C91BC942}") = "Server_Session", "Server_Session\Server_Session.vcxproj", "{556190FE-4F3C-4D63-98F8-4237EA91AE7E}"
	ProjectSection(ProjectDependencies) = postProject
		{5508E446-F969-4782-B564-B3679F9392FA} = {5508E446-F969-4782-B564-B3679F9392FA}
	EndProjectSection
EndProject
Project("{8BC9CEB8-8B4A-11D0-8D11-00A0C91BC942}") = "lib_Data", "lib_Data\lib_Data.vcxproj", "{5508E446-F969-4782-B564-B3679F9392FA}"
EndProject
Global
	GlobalSection(SolutionConfigurationPlatforms) = preSolution
		Debug|Any CPU = Debug|Any CPU
		Debug|Mixed Platforms = Debug|Mixed Platforms
		Debug|Win32 = Debug|Win32
		DllForUnity|Any CPU = DllForUnity|Any CPU
		DllForUnity|Mixed Platforms = DllForUnity|Mixed Platforms
		DllForUnity|Win32 = DllForUnity|Win32
		Release|Any CPU = Release|Any CPU
		Release|Mixed Platforms = Release|Mixed Platforms
		Release|Win32 = Release|Win32
		ReleaseDev|Any CPU = ReleaseDev|Any CPU
		ReleaseDev|Mixed Platforms = ReleaseDev|Mixed Platforms
		ReleaseDev|Win32 = ReleaseDev|Win32
		Template|Any CPU = Template|Any CPU
		Template|Mixed Platforms = Template|Mixed Platforms
		Template|Win32 = Template|Win32
	EndGlobalSection
	GlobalSection(ProjectConfigurationPlatforms) = postSolution
		{31E85820-E657-493B-8FB1-3CBC3BAC1D81}.Debug|Any CPU.ActiveCfg = Debug|Win32
		{31E85820-E657-493B-8FB1-3CBC3BAC1D81}.Debug|Mixed Platforms.ActiveCfg = Debug|Win32
		{31E85820-E657-493B-8FB1-3CBC3BAC1D81}.Debug|Mixed Platforms.Build.0 = Debug|Win32
		{31E85820-E657-493B-8FB1-3CBC3BAC1D81}.Debug|Win32.ActiveCfg = Debug|Win32
		{31E85820-E657-493B-8FB1-3CBC3BAC1D81}.Debug|Win32.Build.0 = Debug|Win32
		{31E85820-E657-493B-8FB1-3CBC3BAC1D81}.DllForUnity|Any CPU.ActiveCfg = Debug|Win32
		{31E85820-E657-493B-8FB1-3CBC3BAC1D81}.DllForUnity|Mixed Platforms.ActiveCfg = Debug|Win32
		{31E85820-E657-493B-8FB1-3CBC3BAC1D81}.DllForUnity|Mixed Platforms.Build.0 = Debug|Win32
		{31E85820-E657-493B-8FB1-3CBC3BAC1D81}.DllForUnity|Win32.ActiveCfg = Debug|Win32
		{31E85820-E657-493B-8FB1-3CBC3BAC1D81}.DllForUnity|Win32.Build.0 = Debug|Win32
		{31E85820-E657-493B-8FB1-3CBC3BAC1D81}.Release|Any CPU.ActiveCfg = Release|Win32
		{31E85820-E657-493B-8FB1-3CBC3BAC1D81}.Release|Mixed Platforms.ActiveCfg = Release|Win32
		{31E85820-E657-493B-8FB1-3CBC3BAC1D81}.Release|Mixed Platforms.Build.0 = Release|Win32
		{31E85820-E657-493B-8FB1-3CBC3BAC1D81}.Release|Win32.ActiveCfg = Release|Win32
		{31E85820-E657-493B-8FB1-3CBC3BAC1D81}.Release|Win32.Build.0 = Release|Win32
		{31E85820-E657-493B-8FB1-3CBC3BAC1D81}.ReleaseDev|Any CPU.ActiveCfg = ReleaseDev|Win32
		{31E85820-E657-493B-8FB1-3CBC3BAC1D81}.ReleaseDev|Mixed Platforms.ActiveCfg = ReleaseDev|Win32
		{31E85820-E657-493B-8FB1-3CBC3BAC1D81}.ReleaseDev|Mixed Platforms.Build.0 = ReleaseDev|Win32
		{31E85820-E657-493B-8FB1-3CBC3BAC1D81}.ReleaseDev|Win32.ActiveCfg = ReleaseDev|Win32
		{31E85820-E657-493B-8FB1-3CBC3BAC1D81}.ReleaseDev|Win32.Build.0 = ReleaseDev|Win32
		{31E85820-E657-493B-8FB1-3CBC3BAC1D81}.Template|Any CPU.ActiveCfg = Release|Win32
		{31E85820-E657-493B-8FB1-3CBC3BAC1D81}.Template|Mixed Platforms.ActiveCfg = Release|Win32
		{31E85820-E657-493B-8FB1-3CBC3BAC1D81}.Template|Mixed Platforms.Build.0 = Release|Win32
		{31E85820-E657-493B-8FB1-3CBC3BAC1D81}.Template|Win32.ActiveCfg = Release|Win32
		{31E85820-E657-493B-8FB1-3CBC3BAC1D81}.Template|Win32.Build.0 = Release|Win32
		{662C362F-EED6-457A-9A75-CCFF1CF55D76}.Debug|Any CPU.ActiveCfg = Debug|Win32
		{662C362F-EED6-457A-9A75-CCFF1CF55D76}.Debug|Mixed Platforms.ActiveCfg = Debug|Win32
		{662C362F-EED6-457A-9A75-CCFF1CF55D76}.Debug|Mixed Platforms.Build.0 = Debug|Win32
		{662C362F-EED6-457A-9A75-CCFF1CF55D76}.Debug|Win32.ActiveCfg = Debug|Win32
		{662C362F-EED6-457A-9A75-CCFF1CF55D76}.Debug|Win32.Build.0 = Debug|Win32
		{662C362F-EED6-457A-9A75-CCFF1CF55D76}.DllForUnity|Any CPU.ActiveCfg = Debug|Win32
		{662C362F-EED6-457A-9A75-CCFF1CF55D76}.DllForUnity|Mixed Platforms.ActiveCfg = Debug|Win32
		{662C362F-EED6-457A-9A75-CCFF1CF55D76}.DllForUnity|Mixed Platforms.Build.0 = Debug|Win32
		{662C362F-EED6-457A-9A75-CCFF1CF55D76}.DllForUnity|Win32.ActiveCfg = Debug|Win32
		{662C362F-EED6-457A-9A75-CCFF1CF55D76}.DllForUnity|Win32.Build.0 = Debug|Win32
		{662C362F-EED6-457A-9A75-CCFF1CF55D76}.Release|Any CPU.ActiveCfg = Release|Win32
		{662C362F-EED6-457A-9A75-CCFF1CF55D76}.Release|Mixed Platforms.ActiveCfg = Release|Win32
		{662C362F-EED6-457A-9A75-CCFF1CF55D76}.Release|Mixed Platforms.Build.0 = Release|Win32
		{662C362F-EED6-457A-9A75-CCFF1CF55D76}.Release|Win32.ActiveCfg = Release|Win32
		{662C362F-EED6-457A-9A75-CCFF1CF55D76}.Release|Win32.Build.0 = Release|Win32
		{662C362F-EED6-457A-9A75-CCFF1CF55D76}.ReleaseDev|Any CPU.ActiveCfg = ReleaseDev|Win32
		{662C362F-EED6-457A-9A75-CCFF1CF55D76}.ReleaseDev|Mixed Platforms.ActiveCfg = ReleaseDev|Win32
		{662C362F-EED6-457A-9A75-CCFF1CF55D76}.ReleaseDev|Mixed Platforms.Build.0 = ReleaseDev|Win32
		{662C362F-EED6-457A-9A75-CCFF1CF55D76}.ReleaseDev|Win32.ActiveCfg = ReleaseDev|Win32
		{662C362F-EED6-457A-9A75-CCFF1CF55D76}.ReleaseDev|Win32.Build.0 = ReleaseDev|Win32
		{662C362F-EED6-457A-9A75-CCFF1CF55D76}.Template|Any CPU.ActiveCfg = Release|Win32
		{662C362F-EED6-457A-9A75-CCFF1CF55D76}.Template|Mixed Platforms.ActiveCfg = Release|Win32
		{662C362F-EED6-457A-9A75-CCFF1CF55D76}.Template|Mixed Platforms.Build.0 = Release|Win32
		{662C362F-EED6-457A-9A75-CCFF1CF55D76}.Template|Win32.ActiveCfg = Release|Win32
		{662C362F-EED6-457A-9A75-CCFF1CF55D76}.Template|Win32.Build.0 = Release|Win32
		{81B5A7CA-B50E-4715-B04A-F696D2C5B0F7}.Debug|Any CPU.ActiveCfg = Debug|Win32
		{81B5A7CA-B50E-4715-B04A-F696D2C5B0F7}.Debug|Mixed Platforms.ActiveCfg = Debug|Win32
		{81B5A7CA-B50E-4715-B04A-F696D2C5B0F7}.Debug|Mixed Platforms.Build.0 = Debug|Win32
		{81B5A7CA-B50E-4715-B04A-F696D2C5B0F7}.Debug|Win32.ActiveCfg = Debug|Win32
		{81B5A7CA-B50E-4715-B04A-F696D2C5B0F7}.Debug|Win32.Build.0 = Debug|Win32
		{81B5A7CA-B50E-4715-B04A-F696D2C5B0F7}.DllForUnity|Any CPU.ActiveCfg = Debug|Win32
		{81B5A7CA-B50E-4715-B04A-F696D2C5B0F7}.DllForUnity|Mixed Platforms.ActiveCfg = Debug|Win32
		{81B5A7CA-B50E-4715-B04A-F696D2C5B0F7}.DllForUnity|Mixed Platforms.Build.0 = Debug|Win32
		{81B5A7CA-B50E-4715-B04A-F696D2C5B0F7}.DllForUnity|Win32.ActiveCfg = Debug|Win32
		{81B5A7CA-B50E-4715-B04A-F696D2C5B0F7}.DllForUnity|Win32.Build.0 = Debug|Win32
		{81B5A7CA-B50E-4715-B04A-F696D2C5B0F7}.Release|Any CPU.ActiveCfg = Release|Win32
		{81B5A7CA-B50E-4715-B04A-F696D2C5B0F7}.Release|Mixed Platforms.ActiveCfg = Release|Win32
		{81B5A7CA-B50E-4715-B04A-F696D2C5B0F7}.Release|Mixed Platforms.Build.0 = Release|Win32
		{81B5A7CA-B50E-4715-B04A-F696D2C5B0F7}.Release|Win32.ActiveCfg = Release|Win32
		{81B5A7CA-B50E-4715-B04A-F696D2C5B0F7}.Release|Win32.Build.0 = Release|Win32
		{81B5A7CA-B50E-4715-B04A-F696D2C5B0F7}.ReleaseDev|Any CPU.ActiveCfg = ReleaseDev|Win32
		{81B5A7CA-B50E-4715-B04A-F696D2C5B0F7}.ReleaseDev|Mixed Platforms.ActiveCfg = ReleaseDev|Win32
		{81B5A7CA-B50E-4715-B04A-F696D2C5B0F7}.ReleaseDev|Mixed Platforms.Build.0 = ReleaseDev|Win32
		{81B5A7CA-B50E-4715-B04A-F696D2C5B0F7}.ReleaseDev|Win32.ActiveCfg = ReleaseDev|Win32
		{81B5A7CA-B50E-4715-B04A-F696D2C5B0F7}.ReleaseDev|Win32.Build.0 = ReleaseDev|Win32
		{81B5A7CA-B50E-4715-B04A-F696D2C5B0F7}.Template|Any CPU.ActiveCfg = Release|Win32
		{81B5A7CA-B50E-4715-B04A-F696D2C5B0F7}.Template|Mixed Platforms.ActiveCfg = Release|Win32
		{81B5A7CA-B50E-4715-B04A-F696D2C5B0F7}.Template|Mixed Platforms.Build.0 = Release|Win32
		{81B5A7CA-B50E-4715-B04A-F696D2C5B0F7}.Template|Win32.ActiveCfg = Release|Win32
		{81B5A7CA-B50E-4715-B04A-F696D2C5B0F7}.Template|Win32.Build.0 = Release|Win32
		{963B67FC-D4A1-4E01-868F-0033B139CE76}.Debug|Any CPU.ActiveCfg = Debug|Win32
		{963B67FC-D4A1-4E01-868F-0033B139CE76}.Debug|Mixed Platforms.ActiveCfg = Debug|Win32
		{963B67FC-D4A1-4E01-868F-0033B139CE76}.Debug|Mixed Platforms.Build.0 = Debug|Win32
		{963B67FC-D4A1-4E01-868F-0033B139CE76}.Debug|Win32.ActiveCfg = Debug|Win32
		{963B67FC-D4A1-4E01-868F-0033B139CE76}.Debug|Win32.Build.0 = Debug|Win32
		{963B67FC-D4A1-4E01-868F-0033B139CE76}.DllForUnity|Any CPU.ActiveCfg = Debug|Win32
		{963B67FC-D4A1-4E01-868F-0033B139CE76}.DllForUnity|Mixed Platforms.ActiveCfg = Debug|Win32
		{963B67FC-D4A1-4E01-868F-0033B139CE76}.DllForUnity|Mixed Platforms.Build.0 = Debug|Win32
		{963B67FC-D4A1-4E01-868F-0033B139CE76}.DllForUnity|Win32.ActiveCfg = Debug|Win32
		{963B67FC-D4A1-4E01-868F-0033B139CE76}.DllForUnity|Win32.Build.0 = Debug|Win32
		{963B67FC-D4A1-4E01-868F-0033B139CE76}.Release|Any CPU.ActiveCfg = Release|Win32
		{963B67FC-D4A1-4E01-868F-0033B139CE76}.Release|Mixed Platforms.ActiveCfg = Release|Win32
		{963B67FC-D4A1-4E01-868F-0033B139CE76}.Release|Mixed Platforms.Build.0 = Release|Win32
		{963B67FC-D4A1-4E01-868F-0033B139CE76}.Release|Win32.ActiveCfg = Release|Win32
		{963B67FC-D4A1-4E01-868F-0033B139CE76}.Release|Win32.Build.0 = Release|Win32
		{963B67FC-D4A1-4E01-868F-0033B139CE76}.ReleaseDev|Any CPU.ActiveCfg = ReleaseDev|Win32
		{963B67FC-D4A1-4E01-868F-0033B139CE76}.ReleaseDev|Mixed Platforms.ActiveCfg = ReleaseDev|Win32
		{963B67FC-D4A1-4E01-868F-0033B139CE76}.ReleaseDev|Mixed Platforms.Build.0 = ReleaseDev|Win32
		{963B67FC-D4A1-4E01-868F-0033B139CE76}.ReleaseDev|Win32.ActiveCfg = ReleaseDev|Win32
		{963B67FC-D4A1-4E01-868F-0033B139CE76}.ReleaseDev|Win32.Build.0 = ReleaseDev|Win32
		{963B67FC-D4A1-4E01-868F-0033B139CE76}.Template|Any CPU.ActiveCfg = Release|Win32
		{963B67FC-D4A1-4E01-868F-0033B139CE76}.Template|Mixed Platforms.ActiveCfg = Release|Win32
		{963B67FC-D4A1-4E01-868F-0033B139CE76}.Template|Mixed Platforms.Build.0 = Release|Win32
		{963B67FC-D4A1-4E01-868F-0033B139CE76}.Template|Win32.ActiveCfg = Release|Win32
		{963B67FC-D4A1-4E01-868F-0033B139CE76}.Template|Win32.Build.0 = Release|Win32
		{556190FE-4F3C-4D63-98F8-4237EA91AE7E}.Debug|Any CPU.ActiveCfg = Debug|Win32
		{556190FE-4F3C-4D63-98F8-4237EA91AE7E}.Debug|Mixed Platforms.ActiveCfg = Debug|Win32
		{556190FE-4F3C-4D63-98F8-4237EA91AE7E}.Debug|Mixed Platforms.Build.0 = Debug|Win32
		{556190FE-4F3C-4D63-98F8-4237EA91AE7E}.Debug|Win32.ActiveCfg = Debug|Win32
		{556190FE-4F3C-4D63-98F8-4237EA91AE7E}.Debug|Win32.Build.0 = Debug|Win32
		{556190FE-4F3C-4D63-98F8-4237EA91AE7E}.DllForUnity|Any CPU.ActiveCfg = Debug|Win32
		{556190FE-4F3C-4D63-98F8-4237EA91AE7E}.DllForUnity|Mixed Platforms.ActiveCfg = Debug|Win32
		{556190FE-4F3C-4D63-98F8-4237EA91AE7E}.DllForUnity|Mixed Platforms.Build.0 = Debug|Win32
		{556190FE-4F3C-4D63-98F8-4237EA91AE7E}.DllForUnity|Win32.ActiveCfg = Debug|Win32
		{556190FE-4F3C-4D63-98F8-4237EA91AE7E}.DllForUnity|Win32.Build.0 = Debug|Win32
		{556190FE-4F3C-4D63-98F8-4237EA91AE7E}.Release|Any CPU.ActiveCfg = Release|Win32
		{556190FE-4F3C-4D63-98F8-4237EA91AE7E}.Release|Mixed Platforms.ActiveCfg = Release|Win32
		{556190FE-4F3C-4D63-98F8-4237EA91AE7E}.Release|Mixed Platforms.Build.0 = Release|Win32
		{556190FE-4F3C-4D63-98F8-4237EA91AE7E}.Release|Win32.ActiveCfg = Release|Win32
		{556190FE-4F3C-4D63-98F8-4237EA91AE7E}.Release|Win32.Build.0 = Release|Win32
		{556190FE-4F3C-4D63-98F8-4237EA91AE7E}.ReleaseDev|Any CPU.ActiveCfg = ReleaseDev|Win32
		{556190FE-4F3C-4D63-98F8-4237EA91AE7E}.ReleaseDev|Mixed Platforms.ActiveCfg = ReleaseDev|Win32
		{556190FE-4F3C-4D63-98F8-4237EA91AE7E}.ReleaseDev|Mixed Platforms.Build.0 = ReleaseDev|Win32
		{556190FE-4F3C-4D63-98F8-4237EA91AE7E}.ReleaseDev|Win32.ActiveCfg = ReleaseDev|Win32
		{556190FE-4F3C-4D63-98F8-4237EA91AE7E}.ReleaseDev|Win32.Build.0 = ReleaseDev|Win32
		{556190FE-4F3C-4D63-98F8-4237EA91AE7E}.Template|Any CPU.ActiveCfg = Release|Win32
		{556190FE-4F3C-4D63-98F8-4237EA91AE7E}.Template|Mixed Platforms.ActiveCfg = Release|Win32
		{556190FE-4F3C-4D63-98F8-4237EA91AE7E}.Template|Mixed Platforms.Build.0 = Release|Win32
		{556190FE-4F3C-4D63-98F8-4237EA91AE7E}.Template|Win32.ActiveCfg = Release|Win32
		{556190FE-4F3C-4D63-98F8-4237EA91AE7E}.Template|Win32.Build.0 = Release|Win32
		{5508E446-F969-4782-B564-B3679F9392FA}.Debug|Any CPU.ActiveCfg = Debug|Win32
		{5508E446-F969-4782-B564-B3679F9392FA}.Debug|Mixed Platforms.ActiveCfg = Debug|Win32
		{5508E446-F969-4782-B564-B3679F9392FA}.Debug|Mixed Platforms.Build.0 = Debug|Win32
		{5508E446-F969-4782-B564-B3679F9392FA}.Debug|Win32.ActiveCfg = Debug|Win32
		{5508E446-F969-4782-B564-B3679F9392FA}.Debug|Win32.Build.0 = Debug|Win32
		{5508E446-F969-4782-B564-B3679F9392FA}.DllForUnity|Any CPU.ActiveCfg = Debug|Win32
		{5508E446-F969-4782-B564-B3679F9392FA}.DllForUnity|Mixed Platforms.ActiveCfg = Debug|Win32
		{5508E446-F969-4782-B564-B3679F9392FA}.DllForUnity|Mixed Platforms.Build.0 = Debug|Win32
		{5508E446-F969-4782-B564-B3679F9392FA}.DllForUnity|Win32.ActiveCfg = Debug|Win32
		{5508E446-F969-4782-B564-B3679F9392FA}.DllForUnity|Win32.Build.0 = Debug|Win32
		{5508E446-F969-4782-B564-B3679F9392FA}.Release|Any CPU.ActiveCfg = Release|Win32
		{5508E446-F969-4782-B564-B3679F9392FA}.Release|Mixed Platforms.ActiveCfg = Release|Win32
		{5508E446-F969-4782-B564-B3679F9392FA}.Release|Mixed Platforms.Build.0 = Release|Win32
		{5508E446-F969-4782-B564-B3679F9392FA}.Release|Win32.ActiveCfg = Release|Win32
		{5508E446-F969-4782-B564-B3679F9392FA}.Release|Win32.Build.0 = Release|Win32
		{5508E446-F969-4782-B564-B3679F9392FA}.ReleaseDev|Any CPU.ActiveCfg = ReleaseDev|Win32
		{5508E446-F969-4782-B564-B3679F9392FA}.ReleaseDev|Mixed Platforms.ActiveCfg = ReleaseDev|Win32
		{5508E446-F969-4782-B564-B3679F9392FA}.ReleaseDev|Mixed Platforms.Build.0 = ReleaseDev|Win32
		{5508E446-F969-4782-B564-B3679F9392FA}.ReleaseDev|Win32.ActiveCfg = ReleaseDev|Win32
		{5508E446-F969-4782-B564-B3679F9392FA}.ReleaseDev|Win32.Build.0 = ReleaseDev|Win32
		{5508E446-F969-4782-B564-B3679F9392FA}.Template|Any CPU.ActiveCfg = Release|Win32
		{5508E446-F969-4782-B564-B3679F9392FA}.Template|Mixed Platforms.ActiveCfg = Release|Win32
		{5508E446-F969-4782-B564-B3679F9392FA}.Template|Mixed Platforms.Build.0 = Release|Win32
		{5508E446-F969-4782-B564-B3679F9392FA}.Template|Win32.ActiveCfg = Release|Win32
		{5508E446-F969-4782-B564-B3679F9392FA}.Template|Win32.Build.0 = Release|Win32
	EndGlobalSection
	GlobalSection(SolutionProperties) = preSolution
		HideSolutionNode = FALSE
	EndGlobalSection
	GlobalSection(DPCodeReviewSolutionGUID) = preSolution
		DPCodeReviewSolutionGUID = {00000000-0000-0000-0000-000000000000}
	EndGlobalSection
EndGlobal
